// !$*UTF8*$!
{
	archiveVersion = 1;
	classes = {
	};
	objectVersion = 56;
	objects = {

/* Begin PBXBuildFile section */
		0FA0C87B2B3CB09300D84872 /* PetSaveApp.swift in Sources */ = {isa = PBXBuildFile; fileRef = 0FA0C87A2B3CB09300D84872 /* PetSaveApp.swift */; };
		0FA0C87D2B3CB09300D84872 /* ContentView.swift in Sources */ = {isa = PBXBuildFile; fileRef = 0FA0C87C2B3CB09300D84872 /* ContentView.swift */; };
		0FA0C87F2B3CB09800D84872 /* Assets.xcassets in Resources */ = {isa = PBXBuildFile; fileRef = 0FA0C87E2B3CB09800D84872 /* Assets.xcassets */; };
		0FA0C8822B3CB09800D84872 /* Preview Assets.xcassets in Resources */ = {isa = PBXBuildFile; fileRef = 0FA0C8812B3CB09800D84872 /* Preview Assets.xcassets */; };
		0FA0C88C2B3CB09800D84872 /* PetSaveTests.swift in Sources */ = {isa = PBXBuildFile; fileRef = 0FA0C88B2B3CB09800D84872 /* PetSaveTests.swift */; };
		0FA0C8962B3CB09800D84872 /* PetSaveUITests.swift in Sources */ = {isa = PBXBuildFile; fileRef = 0FA0C8952B3CB09800D84872 /* PetSaveUITests.swift */; };
		0FA0C8982B3CB09800D84872 /* PetSaveUITestsLaunchTests.swift in Sources */ = {isa = PBXBuildFile; fileRef = 0FA0C8972B3CB09800D84872 /* PetSaveUITestsLaunchTests.swift */; };
		0FA0C8A72B3CB12800D84872 /* APIConstants.swift in Sources */ = {isa = PBXBuildFile; fileRef = 0FA0C8A62B3CB12800D84872 /* APIConstants.swift */; };
		0FA0C8AC2B3CB22700D84872 /* PetSave.xcdatamodeld in Sources */ = {isa = PBXBuildFile; fileRef = 0FA0C8AA2B3CB22700D84872 /* PetSave.xcdatamodeld */; };
		0FA0C8AE2B3CB24500D84872 /* PersistenceController.swift in Sources */ = {isa = PBXBuildFile; fileRef = 0FA0C8AD2B3CB24500D84872 /* PersistenceController.swift */; };
		0FA0C8B72B3CB77C00D84872 /* Details.swift in Sources */ = {isa = PBXBuildFile; fileRef = 0FA0C8B62B3CB77C00D84872 /* Details.swift */; };
		0FA0C8B92B3CB7DD00D84872 /* Coat.swift in Sources */ = {isa = PBXBuildFile; fileRef = 0FA0C8B82B3CB7DD00D84872 /* Coat.swift */; };
		0FA0C8BB2B3CB86D00D84872 /* Size.swift in Sources */ = {isa = PBXBuildFile; fileRef = 0FA0C8BA2B3CB86D00D84872 /* Size.swift */; };
		0FA0C8BD2B3CB8AA00D84872 /* Gender.swift in Sources */ = {isa = PBXBuildFile; fileRef = 0FA0C8BC2B3CB8AA00D84872 /* Gender.swift */; };
		0FA0C8BF2B3CB8DB00D84872 /* Age.swift in Sources */ = {isa = PBXBuildFile; fileRef = 0FA0C8BE2B3CB8DB00D84872 /* Age.swift */; };
		0FA0C8C12B3CB96C00D84872 /* Breed.swift in Sources */ = {isa = PBXBuildFile; fileRef = 0FA0C8C02B3CB96C00D84872 /* Breed.swift */; };
		0FA0C8C32B3CB9A700D84872 /* PhotoSizes.swift in Sources */ = {isa = PBXBuildFile; fileRef = 0FA0C8C22B3CB9A700D84872 /* PhotoSizes.swift */; };
		0FA0C8C52B3CB9DB00D84872 /* VideoLink.swift in Sources */ = {isa = PBXBuildFile; fileRef = 0FA0C8C42B3CB9DB00D84872 /* VideoLink.swift */; };
		0FA0C8C72B3CBA0900D84872 /* AnimalAttributes.swift in Sources */ = {isa = PBXBuildFile; fileRef = 0FA0C8C62B3CBA0900D84872 /* AnimalAttributes.swift */; };
		0FA0C8C92B3CBA6D00D84872 /* AnimalEnvironment.swift in Sources */ = {isa = PBXBuildFile; fileRef = 0FA0C8C82B3CBA6D00D84872 /* AnimalEnvironment.swift */; };
		0FA0C8CB2B3CBA9800D84872 /* APIColors.swift in Sources */ = {isa = PBXBuildFile; fileRef = 0FA0C8CA2B3CBA9800D84872 /* APIColors.swift */; };
		0FA0C8CD2B3CBACA00D84872 /* AdoptionStatus.swift in Sources */ = {isa = PBXBuildFile; fileRef = 0FA0C8CC2B3CBACA00D84872 /* AdoptionStatus.swift */; };
		0FA0C8CF2B3CBAFD00D84872 /* Pagination.swift in Sources */ = {isa = PBXBuildFile; fileRef = 0FA0C8CE2B3CBAFD00D84872 /* Pagination.swift */; };
		0FA0C8D12B3CBB9700D84872 /* Organization.swift in Sources */ = {isa = PBXBuildFile; fileRef = 0FA0C8D02B3CBB9700D84872 /* Organization.swift */; };
		0FA0C8D32B3CBC1700D84872 /* User.swift in Sources */ = {isa = PBXBuildFile; fileRef = 0FA0C8D22B3CBC1700D84872 /* User.swift */; };
		0FA0C8D62B3CBCD100D84872 /* AddressFetcher.swift in Sources */ = {isa = PBXBuildFile; fileRef = 0FA0C8D52B3CBCD100D84872 /* AddressFetcher.swift */; };
		0FA0C8D82B3CBDF500D84872 /* LocationManager.swift in Sources */ = {isa = PBXBuildFile; fileRef = 0FA0C8D72B3CBDF500D84872 /* LocationManager.swift */; };
		0FA0C8DB2B3CC64C00D84872 /* AnimalDetailsView.swift in Sources */ = {isa = PBXBuildFile; fileRef = 0FA0C8DA2B3CC64C00D84872 /* AnimalDetailsView.swift */; };
		0FA0C8DD2B3CC68E00D84872 /* AnimalDetailRow.swift in Sources */ = {isa = PBXBuildFile; fileRef = 0FA0C8DC2B3CC68E00D84872 /* AnimalDetailRow.swift */; };
		0FA0C8DF2B3CC6A100D84872 /* AnimalDetailCard.swift in Sources */ = {isa = PBXBuildFile; fileRef = 0FA0C8DE2B3CC6A100D84872 /* AnimalDetailCard.swift */; };
		0FA0C8E12B3CC81600D84872 /* AnimalContactsView.swift in Sources */ = {isa = PBXBuildFile; fileRef = 0FA0C8E02B3CC81600D84872 /* AnimalContactsView.swift */; };
		0FA0C8E32B3CC82D00D84872 /* AnimalContactLink.swift in Sources */ = {isa = PBXBuildFile; fileRef = 0FA0C8E22B3CC82D00D84872 /* AnimalContactLink.swift */; };
		0FA0C8E52B3CC99400D84872 /* AnimalLocationView.swift in Sources */ = {isa = PBXBuildFile; fileRef = 0FA0C8E42B3CC99400D84872 /* AnimalLocationView.swift */; };
		0FA0C8E72B3CC9B500D84872 /* AnimalHeaderView.swift in Sources */ = {isa = PBXBuildFile; fileRef = 0FA0C8E62B3CC9B500D84872 /* AnimalHeaderView.swift */; };
		0FA0C8EA2B3CCCAD00D84872 /* AnimalsNearYou.swift in Sources */ = {isa = PBXBuildFile; fileRef = 0FA0C8E92B3CCCAD00D84872 /* AnimalsNearYou.swift */; };
		0FA0C8EE2B3CCD6E00D84872 /* AnimalSearchType.swift in Sources */ = {isa = PBXBuildFile; fileRef = 0FA0C8ED2B3CCD6E00D84872 /* AnimalSearchType.swift */; };
		0FA0C8F02B3CCEBF00D84872 /* AnimalSearchAge.swift in Sources */ = {isa = PBXBuildFile; fileRef = 0FA0C8EF2B3CCEBF00D84872 /* AnimalSearchAge.swift */; };
/* End PBXBuildFile section */

/* Begin PBXContainerItemProxy section */
		0FA0C8882B3CB09800D84872 /* PBXContainerItemProxy */ = {
			isa = PBXContainerItemProxy;
			containerPortal = 0FA0C86F2B3CB09300D84872 /* Project object */;
			proxyType = 1;
			remoteGlobalIDString = 0FA0C8762B3CB09300D84872;
			remoteInfo = PetSave;
		};
		0FA0C8922B3CB09800D84872 /* PBXContainerItemProxy */ = {
			isa = PBXContainerItemProxy;
			containerPortal = 0FA0C86F2B3CB09300D84872 /* Project object */;
			proxyType = 1;
			remoteGlobalIDString = 0FA0C8762B3CB09300D84872;
			remoteInfo = PetSave;
		};
/* End PBXContainerItemProxy section */

/* Begin PBXFileReference section */
		0FA0C8772B3CB09300D84872 /* PetSave.app */ = {isa = PBXFileReference; explicitFileType = wrapper.application; includeInIndex = 0; path = PetSave.app; sourceTree = BUILT_PRODUCTS_DIR; };
		0FA0C87A2B3CB09300D84872 /* PetSaveApp.swift */ = {isa = PBXFileReference; lastKnownFileType = sourcecode.swift; path = PetSaveApp.swift; sourceTree = "<group>"; };
		0FA0C87C2B3CB09300D84872 /* ContentView.swift */ = {isa = PBXFileReference; lastKnownFileType = sourcecode.swift; path = ContentView.swift; sourceTree = "<group>"; };
		0FA0C87E2B3CB09800D84872 /* Assets.xcassets */ = {isa = PBXFileReference; lastKnownFileType = folder.assetcatalog; path = Assets.xcassets; sourceTree = "<group>"; };
		0FA0C8812B3CB09800D84872 /* Preview Assets.xcassets */ = {isa = PBXFileReference; lastKnownFileType = folder.assetcatalog; path = "Preview Assets.xcassets"; sourceTree = "<group>"; };
		0FA0C8872B3CB09800D84872 /* PetSaveTests.xctest */ = {isa = PBXFileReference; explicitFileType = wrapper.cfbundle; includeInIndex = 0; path = PetSaveTests.xctest; sourceTree = BUILT_PRODUCTS_DIR; };
		0FA0C88B2B3CB09800D84872 /* PetSaveTests.swift */ = {isa = PBXFileReference; lastKnownFileType = sourcecode.swift; path = PetSaveTests.swift; sourceTree = "<group>"; };
		0FA0C8912B3CB09800D84872 /* PetSaveUITests.xctest */ = {isa = PBXFileReference; explicitFileType = wrapper.cfbundle; includeInIndex = 0; path = PetSaveUITests.xctest; sourceTree = BUILT_PRODUCTS_DIR; };
		0FA0C8952B3CB09800D84872 /* PetSaveUITests.swift */ = {isa = PBXFileReference; lastKnownFileType = sourcecode.swift; path = PetSaveUITests.swift; sourceTree = "<group>"; };
		0FA0C8972B3CB09800D84872 /* PetSaveUITestsLaunchTests.swift */ = {isa = PBXFileReference; lastKnownFileType = sourcecode.swift; path = PetSaveUITestsLaunchTests.swift; sourceTree = "<group>"; };
		0FA0C8A62B3CB12800D84872 /* APIConstants.swift */ = {isa = PBXFileReference; lastKnownFileType = sourcecode.swift; path = APIConstants.swift; sourceTree = "<group>"; };
		0FA0C8AB2B3CB22700D84872 /* PetSave.xcdatamodel */ = {isa = PBXFileReference; lastKnownFileType = wrapper.xcdatamodel; path = PetSave.xcdatamodel; sourceTree = "<group>"; };
		0FA0C8AD2B3CB24500D84872 /* PersistenceController.swift */ = {isa = PBXFileReference; lastKnownFileType = sourcecode.swift; path = PersistenceController.swift; sourceTree = "<group>"; };
		0FA0C8B62B3CB77C00D84872 /* Details.swift */ = {isa = PBXFileReference; lastKnownFileType = sourcecode.swift; path = Details.swift; sourceTree = "<group>"; };
		0FA0C8B82B3CB7DD00D84872 /* Coat.swift */ = {isa = PBXFileReference; lastKnownFileType = sourcecode.swift; path = Coat.swift; sourceTree = "<group>"; };
		0FA0C8BA2B3CB86D00D84872 /* Size.swift */ = {isa = PBXFileReference; lastKnownFileType = sourcecode.swift; path = Size.swift; sourceTree = "<group>"; };
		0FA0C8BC2B3CB8AA00D84872 /* Gender.swift */ = {isa = PBXFileReference; lastKnownFileType = sourcecode.swift; path = Gender.swift; sourceTree = "<group>"; };
		0FA0C8BE2B3CB8DB00D84872 /* Age.swift */ = {isa = PBXFileReference; lastKnownFileType = sourcecode.swift; path = Age.swift; sourceTree = "<group>"; };
		0FA0C8C02B3CB96C00D84872 /* Breed.swift */ = {isa = PBXFileReference; lastKnownFileType = sourcecode.swift; path = Breed.swift; sourceTree = "<group>"; };
		0FA0C8C22B3CB9A700D84872 /* PhotoSizes.swift */ = {isa = PBXFileReference; lastKnownFileType = sourcecode.swift; path = PhotoSizes.swift; sourceTree = "<group>"; };
		0FA0C8C42B3CB9DB00D84872 /* VideoLink.swift */ = {isa = PBXFileReference; lastKnownFileType = sourcecode.swift; path = VideoLink.swift; sourceTree = "<group>"; };
		0FA0C8C62B3CBA0900D84872 /* AnimalAttributes.swift */ = {isa = PBXFileReference; lastKnownFileType = sourcecode.swift; path = AnimalAttributes.swift; sourceTree = "<group>"; };
		0FA0C8C82B3CBA6D00D84872 /* AnimalEnvironment.swift */ = {isa = PBXFileReference; lastKnownFileType = sourcecode.swift; path = AnimalEnvironment.swift; sourceTree = "<group>"; };
		0FA0C8CA2B3CBA9800D84872 /* APIColors.swift */ = {isa = PBXFileReference; lastKnownFileType = sourcecode.swift; path = APIColors.swift; sourceTree = "<group>"; };
		0FA0C8CC2B3CBACA00D84872 /* AdoptionStatus.swift */ = {isa = PBXFileReference; lastKnownFileType = sourcecode.swift; path = AdoptionStatus.swift; sourceTree = "<group>"; };
		0FA0C8CE2B3CBAFD00D84872 /* Pagination.swift */ = {isa = PBXFileReference; lastKnownFileType = sourcecode.swift; path = Pagination.swift; sourceTree = "<group>"; };
		0FA0C8D02B3CBB9700D84872 /* Organization.swift */ = {isa = PBXFileReference; lastKnownFileType = sourcecode.swift; path = Organization.swift; sourceTree = "<group>"; };
		0FA0C8D22B3CBC1700D84872 /* User.swift */ = {isa = PBXFileReference; lastKnownFileType = sourcecode.swift; path = User.swift; sourceTree = "<group>"; };
		0FA0C8D52B3CBCD100D84872 /* AddressFetcher.swift */ = {isa = PBXFileReference; lastKnownFileType = sourcecode.swift; path = AddressFetcher.swift; sourceTree = "<group>"; };
		0FA0C8D72B3CBDF500D84872 /* LocationManager.swift */ = {isa = PBXFileReference; lastKnownFileType = sourcecode.swift; path = LocationManager.swift; sourceTree = "<group>"; };
		0FA0C8DA2B3CC64C00D84872 /* AnimalDetailsView.swift */ = {isa = PBXFileReference; lastKnownFileType = sourcecode.swift; path = AnimalDetailsView.swift; sourceTree = "<group>"; };
		0FA0C8DC2B3CC68E00D84872 /* AnimalDetailRow.swift */ = {isa = PBXFileReference; lastKnownFileType = sourcecode.swift; path = AnimalDetailRow.swift; sourceTree = "<group>"; };
		0FA0C8DE2B3CC6A100D84872 /* AnimalDetailCard.swift */ = {isa = PBXFileReference; lastKnownFileType = sourcecode.swift; path = AnimalDetailCard.swift; sourceTree = "<group>"; };
		0FA0C8E02B3CC81600D84872 /* AnimalContactsView.swift */ = {isa = PBXFileReference; lastKnownFileType = sourcecode.swift; path = AnimalContactsView.swift; sourceTree = "<group>"; };
		0FA0C8E22B3CC82D00D84872 /* AnimalContactLink.swift */ = {isa = PBXFileReference; lastKnownFileType = sourcecode.swift; path = AnimalContactLink.swift; sourceTree = "<group>"; };
		0FA0C8E42B3CC99400D84872 /* AnimalLocationView.swift */ = {isa = PBXFileReference; lastKnownFileType = sourcecode.swift; path = AnimalLocationView.swift; sourceTree = "<group>"; };
		0FA0C8E62B3CC9B500D84872 /* AnimalHeaderView.swift */ = {isa = PBXFileReference; lastKnownFileType = sourcecode.swift; path = AnimalHeaderView.swift; sourceTree = "<group>"; };
		0FA0C8E92B3CCCAD00D84872 /* AnimalsNearYou.swift */ = {isa = PBXFileReference; lastKnownFileType = sourcecode.swift; path = AnimalsNearYou.swift; sourceTree = "<group>"; };
		0FA0C8ED2B3CCD6E00D84872 /* AnimalSearchType.swift */ = {isa = PBXFileReference; lastKnownFileType = sourcecode.swift; path = AnimalSearchType.swift; sourceTree = "<group>"; };
		0FA0C8EF2B3CCEBF00D84872 /* AnimalSearchAge.swift */ = {isa = PBXFileReference; lastKnownFileType = sourcecode.swift; path = AnimalSearchAge.swift; sourceTree = "<group>"; };
/* End PBXFileReference section */

/* Begin PBXFrameworksBuildPhase section */
		0FA0C8742B3CB09300D84872 /* Frameworks */ = {
			isa = PBXFrameworksBuildPhase;
			buildActionMask = 2147483647;
			files = (
			);
			runOnlyForDeploymentPostprocessing = 0;
		};
		0FA0C8842B3CB09800D84872 /* Frameworks */ = {
			isa = PBXFrameworksBuildPhase;
			buildActionMask = 2147483647;
			files = (
			);
			runOnlyForDeploymentPostprocessing = 0;
		};
		0FA0C88E2B3CB09800D84872 /* Frameworks */ = {
			isa = PBXFrameworksBuildPhase;
			buildActionMask = 2147483647;
			files = (
			);
			runOnlyForDeploymentPostprocessing = 0;
		};
/* End PBXFrameworksBuildPhase section */

/* Begin PBXGroup section */
		0FA0C86E2B3CB09300D84872 = {
			isa = PBXGroup;
			children = (
				0FA0C8792B3CB09300D84872 /* PetSave */,
				0FA0C88A2B3CB09800D84872 /* PetSaveTests */,
				0FA0C8942B3CB09800D84872 /* PetSaveUITests */,
				0FA0C8782B3CB09300D84872 /* Products */,
			);
			sourceTree = "<group>";
		};
		0FA0C8782B3CB09300D84872 /* Products */ = {
			isa = PBXGroup;
			children = (
				0FA0C8772B3CB09300D84872 /* PetSave.app */,
				0FA0C8872B3CB09800D84872 /* PetSaveTests.xctest */,
				0FA0C8912B3CB09800D84872 /* PetSaveUITests.xctest */,
			);
			name = Products;
			sourceTree = "<group>";
		};
		0FA0C8792B3CB09300D84872 /* PetSave */ = {
			isa = PBXGroup;
			children = (
				0FA0C8A42B3CB0F300D84872 /* App */,
				0FA0C8A52B3CB10700D84872 /* Core */,
				0FA0C8D92B3CC63700D84872 /* AnimalsDetails */,
				0FA0C8E82B3CCC9200D84872 /* AnimalsNearYou */,
				0FA0C8EB2B3CCD4100D84872 /* Search */,
				0FA0C87C2B3CB09300D84872 /* ContentView.swift */,
				0FA0C8802B3CB09800D84872 /* Preview Content */,
			);
			path = PetSave;
			sourceTree = "<group>";
		};
		0FA0C8802B3CB09800D84872 /* Preview Content */ = {
			isa = PBXGroup;
			children = (
				0FA0C8812B3CB09800D84872 /* Preview Assets.xcassets */,
			);
			path = "Preview Content";
			sourceTree = "<group>";
		};
		0FA0C88A2B3CB09800D84872 /* PetSaveTests */ = {
			isa = PBXGroup;
			children = (
				0FA0C88B2B3CB09800D84872 /* PetSaveTests.swift */,
			);
			path = PetSaveTests;
			sourceTree = "<group>";
		};
		0FA0C8942B3CB09800D84872 /* PetSaveUITests */ = {
			isa = PBXGroup;
			children = (
				0FA0C8952B3CB09800D84872 /* PetSaveUITests.swift */,
				0FA0C8972B3CB09800D84872 /* PetSaveUITestsLaunchTests.swift */,
			);
			path = PetSaveUITests;
			sourceTree = "<group>";
		};
		0FA0C8A42B3CB0F300D84872 /* App */ = {
			isa = PBXGroup;
			children = (
				0FA0C87A2B3CB09300D84872 /* PetSaveApp.swift */,
				0FA0C87E2B3CB09800D84872 /* Assets.xcassets */,
			);
			path = App;
			sourceTree = "<group>";
		};
		0FA0C8A52B3CB10700D84872 /* Core */ = {
			isa = PBXGroup;
			children = (
				0FA0C8AF2B3CB72200D84872 /* Data */,
				0FA0C8B02B3CB73700D84872 /* Domain */,
				0FA0C8D42B3CBCC100D84872 /* Utils */,
			);
			path = Core;
			sourceTree = "<group>";
		};
		0FA0C8A82B3CB1F700D84872 /* API */ = {
			isa = PBXGroup;
			children = (
				0FA0C8A62B3CB12800D84872 /* APIConstants.swift */,
			);
			path = API;
			sourceTree = "<group>";
		};
		0FA0C8A92B3CB20700D84872 /* CoreData */ = {
			isa = PBXGroup;
			children = (
				0FA0C8AA2B3CB22700D84872 /* PetSave.xcdatamodeld */,
				0FA0C8AD2B3CB24500D84872 /* PersistenceController.swift */,
			);
			path = CoreData;
			sourceTree = "<group>";
		};
		0FA0C8AF2B3CB72200D84872 /* Data */ = {
			isa = PBXGroup;
			children = (
				0FA0C8A82B3CB1F700D84872 /* API */,
				0FA0C8A92B3CB20700D84872 /* CoreData */,
			);
			path = Data;
			sourceTree = "<group>";
		};
		0FA0C8B02B3CB73700D84872 /* Domain */ = {
			isa = PBXGroup;
			children = (
				0FA0C8B12B3CB74600D84872 /* Model */,
			);
			path = Domain;
			sourceTree = "<group>";
		};
		0FA0C8B12B3CB74600D84872 /* Model */ = {
			isa = PBXGroup;
			children = (
				0FA0C8B22B3CB74E00D84872 /* Animal */,
				0FA0C8B32B3CB75200D84872 /* Organization */,
				0FA0C8B42B3CB75B00D84872 /* User */,
			);
			path = Model;
			sourceTree = "<group>";
		};
		0FA0C8B22B3CB74E00D84872 /* Animal */ = {
			isa = PBXGroup;
			children = (
				0FA0C8B52B3CB76C00D84872 /* Details */,
				0FA0C8B82B3CB7DD00D84872 /* Coat.swift */,
				0FA0C8BA2B3CB86D00D84872 /* Size.swift */,
				0FA0C8BC2B3CB8AA00D84872 /* Gender.swift */,
				0FA0C8BE2B3CB8DB00D84872 /* Age.swift */,
				0FA0C8C02B3CB96C00D84872 /* Breed.swift */,
				0FA0C8C22B3CB9A700D84872 /* PhotoSizes.swift */,
				0FA0C8C42B3CB9DB00D84872 /* VideoLink.swift */,
				0FA0C8C62B3CBA0900D84872 /* AnimalAttributes.swift */,
				0FA0C8C82B3CBA6D00D84872 /* AnimalEnvironment.swift */,
				0FA0C8CA2B3CBA9800D84872 /* APIColors.swift */,
				0FA0C8CC2B3CBACA00D84872 /* AdoptionStatus.swift */,
				0FA0C8CE2B3CBAFD00D84872 /* Pagination.swift */,
			);
			path = Animal;
			sourceTree = "<group>";
		};
		0FA0C8B32B3CB75200D84872 /* Organization */ = {
			isa = PBXGroup;
			children = (
				0FA0C8D02B3CBB9700D84872 /* Organization.swift */,
			);
			path = Organization;
			sourceTree = "<group>";
		};
		0FA0C8B42B3CB75B00D84872 /* User */ = {
			isa = PBXGroup;
			children = (
				0FA0C8D22B3CBC1700D84872 /* User.swift */,
			);
			path = User;
			sourceTree = "<group>";
		};
		0FA0C8B52B3CB76C00D84872 /* Details */ = {
			isa = PBXGroup;
			children = (
				0FA0C8B62B3CB77C00D84872 /* Details.swift */,
			);
			path = Details;
			sourceTree = "<group>";
		};
		0FA0C8D42B3CBCC100D84872 /* Utils */ = {
			isa = PBXGroup;
			children = (
				0FA0C8D52B3CBCD100D84872 /* AddressFetcher.swift */,
				0FA0C8D72B3CBDF500D84872 /* LocationManager.swift */,
			);
			path = Utils;
			sourceTree = "<group>";
		};
		0FA0C8D92B3CC63700D84872 /* AnimalsDetails */ = {
			isa = PBXGroup;
			children = (
				0FA0C8DA2B3CC64C00D84872 /* AnimalDetailsView.swift */,
				0FA0C8DC2B3CC68E00D84872 /* AnimalDetailRow.swift */,
				0FA0C8DE2B3CC6A100D84872 /* AnimalDetailCard.swift */,
				0FA0C8E02B3CC81600D84872 /* AnimalContactsView.swift */,
				0FA0C8E22B3CC82D00D84872 /* AnimalContactLink.swift */,
				0FA0C8E42B3CC99400D84872 /* AnimalLocationView.swift */,
				0FA0C8E62B3CC9B500D84872 /* AnimalHeaderView.swift */,
			);
			path = AnimalsDetails;
			sourceTree = "<group>";
		};
		0FA0C8E82B3CCC9200D84872 /* AnimalsNearYou */ = {
			isa = PBXGroup;
			children = (
				0FA0C8E92B3CCCAD00D84872 /* AnimalsNearYou.swift */,
			);
			path = AnimalsNearYou;
			sourceTree = "<group>";
		};
		0FA0C8EB2B3CCD4100D84872 /* Search */ = {
			isa = PBXGroup;
			children = (
				0FA0C8EC2B3CCD4D00D84872 /* Model */,
			);
			path = Search;
			sourceTree = "<group>";
		};
		0FA0C8EC2B3CCD4D00D84872 /* Model */ = {
			isa = PBXGroup;
			children = (
				0FA0C8ED2B3CCD6E00D84872 /* AnimalSearchType.swift */,
				0FA0C8EF2B3CCEBF00D84872 /* AnimalSearchAge.swift */,
			);
			path = Model;
			sourceTree = "<group>";
		};
/* End PBXGroup section */

/* Begin PBXNativeTarget section */
		0FA0C8762B3CB09300D84872 /* PetSave */ = {
			isa = PBXNativeTarget;
			buildConfigurationList = 0FA0C89B2B3CB09900D84872 /* Build configuration list for PBXNativeTarget "PetSave" */;
			buildPhases = (
				0FA0C8732B3CB09300D84872 /* Sources */,
				0FA0C8742B3CB09300D84872 /* Frameworks */,
				0FA0C8752B3CB09300D84872 /* Resources */,
			);
			buildRules = (
			);
			dependencies = (
			);
			name = PetSave;
			productName = PetSave;
			productReference = 0FA0C8772B3CB09300D84872 /* PetSave.app */;
			productType = "com.apple.product-type.application";
		};
		0FA0C8862B3CB09800D84872 /* PetSaveTests */ = {
			isa = PBXNativeTarget;
			buildConfigurationList = 0FA0C89E2B3CB09900D84872 /* Build configuration list for PBXNativeTarget "PetSaveTests" */;
			buildPhases = (
				0FA0C8832B3CB09800D84872 /* Sources */,
				0FA0C8842B3CB09800D84872 /* Frameworks */,
				0FA0C8852B3CB09800D84872 /* Resources */,
			);
			buildRules = (
			);
			dependencies = (
				0FA0C8892B3CB09800D84872 /* PBXTargetDependency */,
			);
			name = PetSaveTests;
			productName = PetSaveTests;
			productReference = 0FA0C8872B3CB09800D84872 /* PetSaveTests.xctest */;
			productType = "com.apple.product-type.bundle.unit-test";
		};
		0FA0C8902B3CB09800D84872 /* PetSaveUITests */ = {
			isa = PBXNativeTarget;
			buildConfigurationList = 0FA0C8A12B3CB09900D84872 /* Build configuration list for PBXNativeTarget "PetSaveUITests" */;
			buildPhases = (
				0FA0C88D2B3CB09800D84872 /* Sources */,
				0FA0C88E2B3CB09800D84872 /* Frameworks */,
				0FA0C88F2B3CB09800D84872 /* Resources */,
			);
			buildRules = (
			);
			dependencies = (
				0FA0C8932B3CB09800D84872 /* PBXTargetDependency */,
			);
			name = PetSaveUITests;
			productName = PetSaveUITests;
			productReference = 0FA0C8912B3CB09800D84872 /* PetSaveUITests.xctest */;
			productType = "com.apple.product-type.bundle.ui-testing";
		};
/* End PBXNativeTarget section */

/* Begin PBXProject section */
		0FA0C86F2B3CB09300D84872 /* Project object */ = {
			isa = PBXProject;
			attributes = {
				BuildIndependentTargetsInParallel = 1;
				LastSwiftUpdateCheck = 1510;
				LastUpgradeCheck = 1510;
				TargetAttributes = {
					0FA0C8762B3CB09300D84872 = {
						CreatedOnToolsVersion = 15.1;
					};
					0FA0C8862B3CB09800D84872 = {
						CreatedOnToolsVersion = 15.1;
						TestTargetID = 0FA0C8762B3CB09300D84872;
					};
					0FA0C8902B3CB09800D84872 = {
						CreatedOnToolsVersion = 15.1;
						TestTargetID = 0FA0C8762B3CB09300D84872;
					};
				};
			};
			buildConfigurationList = 0FA0C8722B3CB09300D84872 /* Build configuration list for PBXProject "PetSave" */;
			compatibilityVersion = "Xcode 14.0";
			developmentRegion = en;
			hasScannedForEncodings = 0;
			knownRegions = (
				en,
				Base,
			);
			mainGroup = 0FA0C86E2B3CB09300D84872;
			productRefGroup = 0FA0C8782B3CB09300D84872 /* Products */;
			projectDirPath = "";
			projectRoot = "";
			targets = (
				0FA0C8762B3CB09300D84872 /* PetSave */,
				0FA0C8862B3CB09800D84872 /* PetSaveTests */,
				0FA0C8902B3CB09800D84872 /* PetSaveUITests */,
			);
		};
/* End PBXProject section */

/* Begin PBXResourcesBuildPhase section */
		0FA0C8752B3CB09300D84872 /* Resources */ = {
			isa = PBXResourcesBuildPhase;
			buildActionMask = 2147483647;
			files = (
				0FA0C8822B3CB09800D84872 /* Preview Assets.xcassets in Resources */,
				0FA0C87F2B3CB09800D84872 /* Assets.xcassets in Resources */,
			);
			runOnlyForDeploymentPostprocessing = 0;
		};
		0FA0C8852B3CB09800D84872 /* Resources */ = {
			isa = PBXResourcesBuildPhase;
			buildActionMask = 2147483647;
			files = (
			);
			runOnlyForDeploymentPostprocessing = 0;
		};
		0FA0C88F2B3CB09800D84872 /* Resources */ = {
			isa = PBXResourcesBuildPhase;
			buildActionMask = 2147483647;
			files = (
			);
			runOnlyForDeploymentPostprocessing = 0;
		};
/* End PBXResourcesBuildPhase section */

/* Begin PBXSourcesBuildPhase section */
		0FA0C8732B3CB09300D84872 /* Sources */ = {
			isa = PBXSourcesBuildPhase;
			buildActionMask = 2147483647;
			files = (
				0FA0C8C72B3CBA0900D84872 /* AnimalAttributes.swift in Sources */,
				0FA0C8BB2B3CB86D00D84872 /* Size.swift in Sources */,
				0FA0C8AC2B3CB22700D84872 /* PetSave.xcdatamodeld in Sources */,
				0FA0C87D2B3CB09300D84872 /* ContentView.swift in Sources */,
				0FA0C8C32B3CB9A700D84872 /* PhotoSizes.swift in Sources */,
				0FA0C8F02B3CCEBF00D84872 /* AnimalSearchAge.swift in Sources */,
				0FA0C8DD2B3CC68E00D84872 /* AnimalDetailRow.swift in Sources */,
				0FA0C8CD2B3CBACA00D84872 /* AdoptionStatus.swift in Sources */,
				0FA0C8D62B3CBCD100D84872 /* AddressFetcher.swift in Sources */,
				0FA0C8BF2B3CB8DB00D84872 /* Age.swift in Sources */,
				0FA0C8CB2B3CBA9800D84872 /* APIColors.swift in Sources */,
				0FA0C8D32B3CBC1700D84872 /* User.swift in Sources */,
				0FA0C8EE2B3CCD6E00D84872 /* AnimalSearchType.swift in Sources */,
				0FA0C8B72B3CB77C00D84872 /* Details.swift in Sources */,
				0FA0C8E72B3CC9B500D84872 /* AnimalHeaderView.swift in Sources */,
				0FA0C8EA2B3CCCAD00D84872 /* AnimalsNearYou.swift in Sources */,
				0FA0C87B2B3CB09300D84872 /* PetSaveApp.swift in Sources */,
				0FA0C8E32B3CC82D00D84872 /* AnimalContactLink.swift in Sources */,
				0FA0C8DB2B3CC64C00D84872 /* AnimalDetailsView.swift in Sources */,
				0FA0C8A72B3CB12800D84872 /* APIConstants.swift in Sources */,
				0FA0C8BD2B3CB8AA00D84872 /* Gender.swift in Sources */,
				0FA0C8D82B3CBDF500D84872 /* LocationManager.swift in Sources */,
				0FA0C8B92B3CB7DD00D84872 /* Coat.swift in Sources */,
				0FA0C8C52B3CB9DB00D84872 /* VideoLink.swift in Sources */,
				0FA0C8E12B3CC81600D84872 /* AnimalContactsView.swift in Sources */,
				0FA0C8E52B3CC99400D84872 /* AnimalLocationView.swift in Sources */,
				0FA0C8AE2B3CB24500D84872 /* PersistenceController.swift in Sources */,
				0FA0C8CF2B3CBAFD00D84872 /* Pagination.swift in Sources */,
				0FA0C8D12B3CBB9700D84872 /* Organization.swift in Sources */,
				0FA0C8DF2B3CC6A100D84872 /* AnimalDetailCard.swift in Sources */,
				0FA0C8C12B3CB96C00D84872 /* Breed.swift in Sources */,
				0FA0C8C92B3CBA6D00D84872 /* AnimalEnvironment.swift in Sources */,
			);
			runOnlyForDeploymentPostprocessing = 0;
		};
		0FA0C8832B3CB09800D84872 /* Sources */ = {
			isa = PBXSourcesBuildPhase;
			buildActionMask = 2147483647;
			files = (
				0FA0C88C2B3CB09800D84872 /* PetSaveTests.swift in Sources */,
			);
			runOnlyForDeploymentPostprocessing = 0;
		};
		0FA0C88D2B3CB09800D84872 /* Sources */ = {
			isa = PBXSourcesBuildPhase;
			buildActionMask = 2147483647;
			files = (
				0FA0C8962B3CB09800D84872 /* PetSaveUITests.swift in Sources */,
				0FA0C8982B3CB09800D84872 /* PetSaveUITestsLaunchTests.swift in Sources */,
			);
			runOnlyForDeploymentPostprocessing = 0;
		};
/* End PBXSourcesBuildPhase section */

/* Begin PBXTargetDependency section */
		0FA0C8892B3CB09800D84872 /* PBXTargetDependency */ = {
			isa = PBXTargetDependency;
			target = 0FA0C8762B3CB09300D84872 /* PetSave */;
			targetProxy = 0FA0C8882B3CB09800D84872 /* PBXContainerItemProxy */;
		};
		0FA0C8932B3CB09800D84872 /* PBXTargetDependency */ = {
			isa = PBXTargetDependency;
			target = 0FA0C8762B3CB09300D84872 /* PetSave */;
			targetProxy = 0FA0C8922B3CB09800D84872 /* PBXContainerItemProxy */;
		};
/* End PBXTargetDependency section */

/* Begin XCBuildConfiguration section */
		0FA0C8992B3CB09800D84872 /* Debug */ = {
			isa = XCBuildConfiguration;
			buildSettings = {
				ALWAYS_SEARCH_USER_PATHS = NO;
				ASSETCATALOG_COMPILER_GENERATE_SWIFT_ASSET_SYMBOL_EXTENSIONS = YES;
				CLANG_ANALYZER_NONNULL = YES;
				CLANG_ANALYZER_NUMBER_OBJECT_CONVERSION = YES_AGGRESSIVE;
				CLANG_CXX_LANGUAGE_STANDARD = "gnu++20";
				CLANG_ENABLE_MODULES = YES;
				CLANG_ENABLE_OBJC_ARC = YES;
				CLANG_ENABLE_OBJC_WEAK = YES;
				CLANG_WARN_BLOCK_CAPTURE_AUTORELEASING = YES;
				CLANG_WARN_BOOL_CONVERSION = YES;
				CLANG_WARN_COMMA = YES;
				CLANG_WARN_CONSTANT_CONVERSION = YES;
				CLANG_WARN_DEPRECATED_OBJC_IMPLEMENTATIONS = YES;
				CLANG_WARN_DIRECT_OBJC_ISA_USAGE = YES_ERROR;
				CLANG_WARN_DOCUMENTATION_COMMENTS = YES;
				CLANG_WARN_EMPTY_BODY = YES;
				CLANG_WARN_ENUM_CONVERSION = YES;
				CLANG_WARN_INFINITE_RECURSION = YES;
				CLANG_WARN_INT_CONVERSION = YES;
				CLANG_WARN_NON_LITERAL_NULL_CONVERSION = YES;
				CLANG_WARN_OBJC_IMPLICIT_RETAIN_SELF = YES;
				CLANG_WARN_OBJC_LITERAL_CONVERSION = YES;
				CLANG_WARN_OBJC_ROOT_CLASS = YES_ERROR;
				CLANG_WARN_QUOTED_INCLUDE_IN_FRAMEWORK_HEADER = YES;
				CLANG_WARN_RANGE_LOOP_ANALYSIS = YES;
				CLANG_WARN_STRICT_PROTOTYPES = YES;
				CLANG_WARN_SUSPICIOUS_MOVE = YES;
				CLANG_WARN_UNGUARDED_AVAILABILITY = YES_AGGRESSIVE;
				CLANG_WARN_UNREACHABLE_CODE = YES;
				CLANG_WARN__DUPLICATE_METHOD_MATCH = YES;
				COPY_PHASE_STRIP = NO;
				DEBUG_INFORMATION_FORMAT = dwarf;
				ENABLE_STRICT_OBJC_MSGSEND = YES;
				ENABLE_TESTABILITY = YES;
				ENABLE_USER_SCRIPT_SANDBOXING = YES;
				GCC_C_LANGUAGE_STANDARD = gnu17;
				GCC_DYNAMIC_NO_PIC = NO;
				GCC_NO_COMMON_BLOCKS = YES;
				GCC_OPTIMIZATION_LEVEL = 0;
				GCC_PREPROCESSOR_DEFINITIONS = (
					"DEBUG=1",
					"$(inherited)",
				);
				GCC_WARN_64_TO_32_BIT_CONVERSION = YES;
				GCC_WARN_ABOUT_RETURN_TYPE = YES_ERROR;
				GCC_WARN_UNDECLARED_SELECTOR = YES;
				GCC_WARN_UNINITIALIZED_AUTOS = YES_AGGRESSIVE;
				GCC_WARN_UNUSED_FUNCTION = YES;
				GCC_WARN_UNUSED_VARIABLE = YES;
				IPHONEOS_DEPLOYMENT_TARGET = 17.2;
				LOCALIZATION_PREFERS_STRING_CATALOGS = YES;
				MTL_ENABLE_DEBUG_INFO = INCLUDE_SOURCE;
				MTL_FAST_MATH = YES;
				ONLY_ACTIVE_ARCH = YES;
				SDKROOT = iphoneos;
				SWIFT_ACTIVE_COMPILATION_CONDITIONS = "DEBUG $(inherited)";
				SWIFT_OPTIMIZATION_LEVEL = "-Onone";
			};
			name = Debug;
		};
		0FA0C89A2B3CB09800D84872 /* Release */ = {
			isa = XCBuildConfiguration;
			buildSettings = {
				ALWAYS_SEARCH_USER_PATHS = NO;
				ASSETCATALOG_COMPILER_GENERATE_SWIFT_ASSET_SYMBOL_EXTENSIONS = YES;
				CLANG_ANALYZER_NONNULL = YES;
				CLANG_ANALYZER_NUMBER_OBJECT_CONVERSION = YES_AGGRESSIVE;
				CLANG_CXX_LANGUAGE_STANDARD = "gnu++20";
				CLANG_ENABLE_MODULES = YES;
				CLANG_ENABLE_OBJC_ARC = YES;
				CLANG_ENABLE_OBJC_WEAK = YES;
				CLANG_WARN_BLOCK_CAPTURE_AUTORELEASING = YES;
				CLANG_WARN_BOOL_CONVERSION = YES;
				CLANG_WARN_COMMA = YES;
				CLANG_WARN_CONSTANT_CONVERSION = YES;
				CLANG_WARN_DEPRECATED_OBJC_IMPLEMENTATIONS = YES;
				CLANG_WARN_DIRECT_OBJC_ISA_USAGE = YES_ERROR;
				CLANG_WARN_DOCUMENTATION_COMMENTS = YES;
				CLANG_WARN_EMPTY_BODY = YES;
				CLANG_WARN_ENUM_CONVERSION = YES;
				CLANG_WARN_INFINITE_RECURSION = YES;
				CLANG_WARN_INT_CONVERSION = YES;
				CLANG_WARN_NON_LITERAL_NULL_CONVERSION = YES;
				CLANG_WARN_OBJC_IMPLICIT_RETAIN_SELF = YES;
				CLANG_WARN_OBJC_LITERAL_CONVERSION = YES;
				CLANG_WARN_OBJC_ROOT_CLASS = YES_ERROR;
				CLANG_WARN_QUOTED_INCLUDE_IN_FRAMEWORK_HEADER = YES;
				CLANG_WARN_RANGE_LOOP_ANALYSIS = YES;
				CLANG_WARN_STRICT_PROTOTYPES = YES;
				CLANG_WARN_SUSPICIOUS_MOVE = YES;
				CLANG_WARN_UNGUARDED_AVAILABILITY = YES_AGGRESSIVE;
				CLANG_WARN_UNREACHABLE_CODE = YES;
				CLANG_WARN__DUPLICATE_METHOD_MATCH = YES;
				COPY_PHASE_STRIP = NO;
				DEBUG_INFORMATION_FORMAT = "dwarf-with-dsym";
				ENABLE_NS_ASSERTIONS = NO;
				ENABLE_STRICT_OBJC_MSGSEND = YES;
				ENABLE_USER_SCRIPT_SANDBOXING = YES;
				GCC_C_LANGUAGE_STANDARD = gnu17;
				GCC_NO_COMMON_BLOCKS = YES;
				GCC_WARN_64_TO_32_BIT_CONVERSION = YES;
				GCC_WARN_ABOUT_RETURN_TYPE = YES_ERROR;
				GCC_WARN_UNDECLARED_SELECTOR = YES;
				GCC_WARN_UNINITIALIZED_AUTOS = YES_AGGRESSIVE;
				GCC_WARN_UNUSED_FUNCTION = YES;
				GCC_WARN_UNUSED_VARIABLE = YES;
				IPHONEOS_DEPLOYMENT_TARGET = 17.2;
				LOCALIZATION_PREFERS_STRING_CATALOGS = YES;
				MTL_ENABLE_DEBUG_INFO = NO;
				MTL_FAST_MATH = YES;
				SDKROOT = iphoneos;
				SWIFT_COMPILATION_MODE = wholemodule;
				VALIDATE_PRODUCT = YES;
			};
			name = Release;
		};
		0FA0C89C2B3CB09900D84872 /* Debug */ = {
			isa = XCBuildConfiguration;
			buildSettings = {
				ASSETCATALOG_COMPILER_APPICON_NAME = AppIcon;
				ASSETCATALOG_COMPILER_GLOBAL_ACCENT_COLOR_NAME = AccentColor;
				CODE_SIGN_STYLE = Automatic;
				CURRENT_PROJECT_VERSION = 1;
				DEVELOPMENT_ASSET_PATHS = "\"PetSave/Preview Content\"";
				DEVELOPMENT_TEAM = U6TXC38SS7;
				ENABLE_PREVIEWS = YES;
				GENERATE_INFOPLIST_FILE = YES;
				INFOPLIST_KEY_UIApplicationSceneManifest_Generation = YES;
				INFOPLIST_KEY_UIApplicationSupportsIndirectInputEvents = YES;
				INFOPLIST_KEY_UILaunchScreen_Generation = YES;
				INFOPLIST_KEY_UISupportedInterfaceOrientations_iPad = "UIInterfaceOrientationPortrait UIInterfaceOrientationPortraitUpsideDown UIInterfaceOrientationLandscapeLeft UIInterfaceOrientationLandscapeRight";
				INFOPLIST_KEY_UISupportedInterfaceOrientations_iPhone = "UIInterfaceOrientationPortrait UIInterfaceOrientationLandscapeLeft UIInterfaceOrientationLandscapeRight";
				LD_RUNPATH_SEARCH_PATHS = (
					"$(inherited)",
					"@executable_path/Frameworks",
				);
				MARKETING_VERSION = 1.0;
				PRODUCT_BUNDLE_IDENTIFIER = com.carloskimura.PetSave;
				PRODUCT_NAME = "$(TARGET_NAME)";
				SWIFT_EMIT_LOC_STRINGS = YES;
				SWIFT_VERSION = 5.0;
				TARGETED_DEVICE_FAMILY = "1,2";
			};
			name = Debug;
		};
		0FA0C89D2B3CB09900D84872 /* Release */ = {
			isa = XCBuildConfiguration;
			buildSettings = {
				ASSETCATALOG_COMPILER_APPICON_NAME = AppIcon;
				ASSETCATALOG_COMPILER_GLOBAL_ACCENT_COLOR_NAME = AccentColor;
				CODE_SIGN_STYLE = Automatic;
				CURRENT_PROJECT_VERSION = 1;
				DEVELOPMENT_ASSET_PATHS = "\"PetSave/Preview Content\"";
				DEVELOPMENT_TEAM = U6TXC38SS7;
				ENABLE_PREVIEWS = YES;
				GENERATE_INFOPLIST_FILE = YES;
				INFOPLIST_KEY_UIApplicationSceneManifest_Generation = YES;
				INFOPLIST_KEY_UIApplicationSupportsIndirectInputEvents = YES;
				INFOPLIST_KEY_UILaunchScreen_Generation = YES;
				INFOPLIST_KEY_UISupportedInterfaceOrientations_iPad = "UIInterfaceOrientationPortrait UIInterfaceOrientationPortraitUpsideDown UIInterfaceOrientationLandscapeLeft UIInterfaceOrientationLandscapeRight";
				INFOPLIST_KEY_UISupportedInterfaceOrientations_iPhone = "UIInterfaceOrientationPortrait UIInterfaceOrientationLandscapeLeft UIInterfaceOrientationLandscapeRight";
				LD_RUNPATH_SEARCH_PATHS = (
					"$(inherited)",
					"@executable_path/Frameworks",
				);
				MARKETING_VERSION = 1.0;
				PRODUCT_BUNDLE_IDENTIFIER = com.carloskimura.PetSave;
				PRODUCT_NAME = "$(TARGET_NAME)";
				SWIFT_EMIT_LOC_STRINGS = YES;
				SWIFT_VERSION = 5.0;
				TARGETED_DEVICE_FAMILY = "1,2";
			};
			name = Release;
		};
		0FA0C89F2B3CB09900D84872 /* Debug */ = {
			isa = XCBuildConfiguration;
			buildSettings = {
				ALWAYS_EMBED_SWIFT_STANDARD_LIBRARIES = YES;
				BUNDLE_LOADER = "$(TEST_HOST)";
				CODE_SIGN_STYLE = Automatic;
				CURRENT_PROJECT_VERSION = 1;
				DEVELOPMENT_TEAM = U6TXC38SS7;
				GENERATE_INFOPLIST_FILE = YES;
				IPHONEOS_DEPLOYMENT_TARGET = 17.2;
				MARKETING_VERSION = 1.0;
				PRODUCT_BUNDLE_IDENTIFIER = com.carloskimura.PetSaveTests;
				PRODUCT_NAME = "$(TARGET_NAME)";
				SWIFT_EMIT_LOC_STRINGS = NO;
				SWIFT_VERSION = 5.0;
				TARGETED_DEVICE_FAMILY = "1,2";
				TEST_HOST = "$(BUILT_PRODUCTS_DIR)/PetSave.app/$(BUNDLE_EXECUTABLE_FOLDER_PATH)/PetSave";
			};
			name = Debug;
		};
		0FA0C8A02B3CB09900D84872 /* Release */ = {
			isa = XCBuildConfiguration;
			buildSettings = {
				ALWAYS_EMBED_SWIFT_STANDARD_LIBRARIES = YES;
				BUNDLE_LOADER = "$(TEST_HOST)";
				CODE_SIGN_STYLE = Automatic;
				CURRENT_PROJECT_VERSION = 1;
				DEVELOPMENT_TEAM = U6TXC38SS7;
				GENERATE_INFOPLIST_FILE = YES;
				IPHONEOS_DEPLOYMENT_TARGET = 17.2;
				MARKETING_VERSION = 1.0;
				PRODUCT_BUNDLE_IDENTIFIER = com.carloskimura.PetSaveTests;
				PRODUCT_NAME = "$(TARGET_NAME)";
				SWIFT_EMIT_LOC_STRINGS = NO;
				SWIFT_VERSION = 5.0;
				TARGETED_DEVICE_FAMILY = "1,2";
				TEST_HOST = "$(BUILT_PRODUCTS_DIR)/PetSave.app/$(BUNDLE_EXECUTABLE_FOLDER_PATH)/PetSave";
			};
			name = Release;
		};
		0FA0C8A22B3CB09900D84872 /* Debug */ = {
			isa = XCBuildConfiguration;
			buildSettings = {
				ALWAYS_EMBED_SWIFT_STANDARD_LIBRARIES = YES;
				CODE_SIGN_STYLE = Automatic;
				CURRENT_PROJECT_VERSION = 1;
				DEVELOPMENT_TEAM = U6TXC38SS7;
				GENERATE_INFOPLIST_FILE = YES;
				MARKETING_VERSION = 1.0;
				PRODUCT_BUNDLE_IDENTIFIER = com.carloskimura.PetSaveUITests;
				PRODUCT_NAME = "$(TARGET_NAME)";
				SWIFT_EMIT_LOC_STRINGS = NO;
				SWIFT_VERSION = 5.0;
				TARGETED_DEVICE_FAMILY = "1,2";
				TEST_TARGET_NAME = PetSave;
			};
			name = Debug;
		};
		0FA0C8A32B3CB09900D84872 /* Release */ = {
			isa = XCBuildConfiguration;
			buildSettings = {
				ALWAYS_EMBED_SWIFT_STANDARD_LIBRARIES = YES;
				CODE_SIGN_STYLE = Automatic;
				CURRENT_PROJECT_VERSION = 1;
				DEVELOPMENT_TEAM = U6TXC38SS7;
				GENERATE_INFOPLIST_FILE = YES;
				MARKETING_VERSION = 1.0;
				PRODUCT_BUNDLE_IDENTIFIER = com.carloskimura.PetSaveUITests;
				PRODUCT_NAME = "$(TARGET_NAME)";
				SWIFT_EMIT_LOC_STRINGS = NO;
				SWIFT_VERSION = 5.0;
				TARGETED_DEVICE_FAMILY = "1,2";
				TEST_TARGET_NAME = PetSave;
			};
			name = Release;
		};
/* End XCBuildConfiguration section */

/* Begin XCConfigurationList section */
		0FA0C8722B3CB09300D84872 /* Build configuration list for PBXProject "PetSave" */ = {
			isa = XCConfigurationList;
			buildConfigurations = (
				0FA0C8992B3CB09800D84872 /* Debug */,
				0FA0C89A2B3CB09800D84872 /* Release */,
			);
			defaultConfigurationIsVisible = 0;
			defaultConfigurationName = Release;
		};
		0FA0C89B2B3CB09900D84872 /* Build configuration list for PBXNativeTarget "PetSave" */ = {
			isa = XCConfigurationList;
			buildConfigurations = (
				0FA0C89C2B3CB09900D84872 /* Debug */,
				0FA0C89D2B3CB09900D84872 /* Release */,
			);
			defaultConfigurationIsVisible = 0;
			defaultConfigurationName = Release;
		};
		0FA0C89E2B3CB09900D84872 /* Build configuration list for PBXNativeTarget "PetSaveTests" */ = {
			isa = XCConfigurationList;
			buildConfigurations = (
				0FA0C89F2B3CB09900D84872 /* Debug */,
				0FA0C8A02B3CB09900D84872 /* Release */,
			);
			defaultConfigurationIsVisible = 0;
			defaultConfigurationName = Release;
		};
		0FA0C8A12B3CB09900D84872 /* Build configuration list for PBXNativeTarget "PetSaveUITests" */ = {
			isa = XCConfigurationList;
			buildConfigurations = (
				0FA0C8A22B3CB09900D84872 /* Debug */,
				0FA0C8A32B3CB09900D84872 /* Release */,
			);
			defaultConfigurationIsVisible = 0;
			defaultConfigurationName = Release;
		};
/* End XCConfigurationList section */

/* Begin XCVersionGroup section */
		0FA0C8AA2B3CB22700D84872 /* PetSave.xcdatamodeld */ = {
			isa = XCVersionGroup;
			children = (
				0FA0C8AB2B3CB22700D84872 /* PetSave.xcdatamodel */,
			);
			currentVersion = 0FA0C8AB2B3CB22700D84872 /* PetSave.xcdatamodel */;
			path = PetSave.xcdatamodeld;
			sourceTree = "<group>";
			versionGroupType = wrapper.xcdatamodel;
		};
/* End XCVersionGroup section */
	};
	rootObject = 0FA0C86F2B3CB09300D84872 /* Project object */;
}
